
Microsoft Visual Studio Solution File, Format Version 12.00
# Visual Studio Version 17
VisualStudioVersion = 17.9.34902.65
MinimumVisualStudioVersion = 10.0.40219.1
Project("{FAE04EC0-301F-11D3-BF4B-00C04F79EFBC}") = "WebApplication1_HW_06_12_2024", "WebApplication1_HW_06_12_2024\WebApplication1_HW_06_12_2024.csproj", "{DAF41D69-1891-4116-B006-970177B2FE5C}"
EndProject
Global
	GlobalSection(SolutionConfigurationPlatforms) = preSolution
		Debug|Any CPU = Debug|Any CPU
		Release|Any CPU = Release|Any CPU
	EndGlobalSection
	GlobalSection(ProjectConfigurationPlatforms) = postSolution
		{DAF41D69-1891-4116-B006-970177B2FE5C}.Debug|Any CPU.ActiveCfg = Debug|Any CPU
		{DAF41D69-1891-4116-B006-970177B2FE5C}.Debug|Any CPU.Build.0 = Debug|Any CPU
		{DAF41D69-1891-4116-B006-970177B2FE5C}.Release|Any CPU.ActiveCfg = Release|Any CPU
		{DAF41D69-1891-4116-B006-970177B2FE5C}.Release|Any CPU.Build.0 = Release|Any CPU
	EndGlobalSection
	GlobalSection(SolutionProperties) = preSolution
		HideSolutionNode = FALSE
	EndGlobalSection
	GlobalSection(ExtensibilityGlobals) = postSolution
		SolutionGuid = {61C58D03-EEA5-40F3-BA08-962FEFF3A48C}
	EndGlobalSection
EndGlobal
